
Microsoft Visual Studio Solution File, Format Version 12.00
# Visual Studio Version 16
VisualStudioVersion = 16.0.32106.194
MinimumVisualStudioVersion = 10.0.40219.1
Project("{FAE04EC0-301F-11D3-BF4B-00C04F79EFBC}") = "OleSchoolAlumni", "OleSchoolAlumni\OleSchoolAlumni.csproj", "{08042374-4C74-48F7-BF54-484803FE572D}"
EndProject
Global
	GlobalSection(SolutionConfigurationPlatforms) = preSolution
		Debug|Any CPU = Debug|Any CPU
		Release|Any CPU = Release|Any CPU
	EndGlobalSection
	GlobalSection(ProjectConfigurationPlatforms) = postSolution
		{08042374-4C74-48F7-BF54-484803FE572D}.Debug|Any CPU.ActiveCfg = Debug|Any CPU
		{08042374-4C74-48F7-BF54-484803FE572D}.Debug|Any CPU.Build.0 = Debug|Any CPU
		{08042374-4C74-48F7-BF54-484803FE572D}.Release|Any CPU.ActiveCfg = Release|Any CPU
		{08042374-4C74-48F7-BF54-484803FE572D}.Release|Any CPU.Build.0 = Release|Any CPU
	EndGlobalSection
	GlobalSection(SolutionProperties) = preSolution
		HideSolutionNode = FALSE
	EndGlobalSection
	GlobalSection(ExtensibilityGlobals) = postSolution
		SolutionGuid = {A47AA601-3FA0-45D5-B36D-9F5E2A322859}
	EndGlobalSection
EndGlobal
